PODS:
  - YKPopupDialogView (0.1.0)

DEPENDENCIES:
  - YKPopupDialogView (from `../`)

EXTERNAL SOURCES:
  YKPopupDialogView:
    :path: "../"

SPEC CHECKSUMS:
  YKPopupDialogView: 883b6a5e9076513b26a9bc0e6e749748d0e4a29e

PODFILE CHECKSUM: 3c1a5c86ee8c920b1121c44de8f7ea1f397a51e0

COCOAPODS: 1.2.0
